// !$*UTF8*$!
{
	archiveVersion = 1;
	classes = {
	};
	objectVersion = 50;
	objects = {

/* Begin PBXBuildFile section */
		001ED5E5210AB79F00A8401F /* EventManagerTests.swift in Sources */ = {isa = PBXBuildFile; fileRef = 001ED5E4210AB79F00A8401F /* EventManagerTests.swift */; };
		003A824820FDAA3C00855861 /* AppDelegate.swift in Sources */ = {isa = PBXBuildFile; fileRef = 003A824720FDAA3C00855861 /* AppDelegate.swift */; };
		003A824A20FDAA3C00855861 /* ViewController.swift in Sources */ = {isa = PBXBuildFile; fileRef = 003A824920FDAA3C00855861 /* ViewController.swift */; };
		003A824D20FDAA3C00855861 /* Main.storyboard in Resources */ = {isa = PBXBuildFile; fileRef = 003A824B20FDAA3C00855861 /* Main.storyboard */; };
		003A824F20FDAA3D00855861 /* Assets.xcassets in Resources */ = {isa = PBXBuildFile; fileRef = 003A824E20FDAA3D00855861 /* Assets.xcassets */; };
		003A825220FDAA3D00855861 /* LaunchScreen.storyboard in Resources */ = {isa = PBXBuildFile; fileRef = 003A825020FDAA3D00855861 /* LaunchScreen.storyboard */; };
		003A826820FDAAC100855861 /* EventManager.swift in Sources */ = {isa = PBXBuildFile; fileRef = 003A826720FDAAC100855861 /* EventManager.swift */; };
		003A827020FDC61F00855861 /* ViewModel.swift in Sources */ = {isa = PBXBuildFile; fileRef = 003A826F20FDC61F00855861 /* ViewModel.swift */; };
		003A82722100611C00855861 /* SetUpViewController.swift in Sources */ = {isa = PBXBuildFile; fileRef = 003A82712100611C00855861 /* SetUpViewController.swift */; };
		003A827421006FCD00855861 /* EventViewCell.swift in Sources */ = {isa = PBXBuildFile; fileRef = 003A827321006FCD00855861 /* EventViewCell.swift */; };
		3A67AFC1049AC3A5F3E75C9A /* Pods_ToDoList.framework in Frameworks */ = {isa = PBXBuildFile; fileRef = 4F05D6EC97CB270881416ADF /* Pods_ToDoList.framework */; };
		7243DC6FB522BF672FD4AB6B /* Pods_ToDoListTests.framework in Frameworks */ = {isa = PBXBuildFile; fileRef = E96DDCEC97F5F55F66E9B11F /* Pods_ToDoListTests.framework */; };
/* End PBXBuildFile section */

/* Begin PBXContainerItemProxy section */
		003A825920FDAA3D00855861 /* PBXContainerItemProxy */ = {
			isa = PBXContainerItemProxy;
			containerPortal = 003A823C20FDAA3C00855861 /* Project object */;
			proxyType = 1;
			remoteGlobalIDString = 003A824320FDAA3C00855861;
			remoteInfo = ToDoList;
		};
/* End PBXContainerItemProxy section */

/* Begin PBXFileReference section */
		001ED5E4210AB79F00A8401F /* EventManagerTests.swift */ = {isa = PBXFileReference; lastKnownFileType = sourcecode.swift; path = EventManagerTests.swift; sourceTree = "<group>"; };
		003A824420FDAA3C00855861 /* ToDoList.app */ = {isa = PBXFileReference; explicitFileType = wrapper.application; includeInIndex = 0; path = ToDoList.app; sourceTree = BUILT_PRODUCTS_DIR; };
		003A824720FDAA3C00855861 /* AppDelegate.swift */ = {isa = PBXFileReference; lastKnownFileType = sourcecode.swift; path = AppDelegate.swift; sourceTree = "<group>"; };
		003A824920FDAA3C00855861 /* ViewController.swift */ = {isa = PBXFileReference; lastKnownFileType = sourcecode.swift; path = ViewController.swift; sourceTree = "<group>"; };
		003A824C20FDAA3C00855861 /* Base */ = {isa = PBXFileReference; lastKnownFileType = file.storyboard; name = Base; path = Base.lproj/Main.storyboard; sourceTree = "<group>"; };
		003A824E20FDAA3D00855861 /* Assets.xcassets */ = {isa = PBXFileReference; lastKnownFileType = folder.assetcatalog; path = Assets.xcassets; sourceTree = "<group>"; };
		003A825120FDAA3D00855861 /* Base */ = {isa = PBXFileReference; lastKnownFileType = file.storyboard; name = Base; path = Base.lproj/LaunchScreen.storyboard; sourceTree = "<group>"; };
		003A825320FDAA3D00855861 /* Info.plist */ = {isa = PBXFileReference; lastKnownFileType = text.plist.xml; path = Info.plist; sourceTree = "<group>"; };
		003A825820FDAA3D00855861 /* ToDoListTests.xctest */ = {isa = PBXFileReference; explicitFileType = wrapper.cfbundle; includeInIndex = 0; path = ToDoListTests.xctest; sourceTree = BUILT_PRODUCTS_DIR; };
		003A825E20FDAA3D00855861 /* Info.plist */ = {isa = PBXFileReference; lastKnownFileType = text.plist.xml; path = Info.plist; sourceTree = "<group>"; };
		003A826720FDAAC100855861 /* EventManager.swift */ = {isa = PBXFileReference; lastKnownFileType = sourcecode.swift; path = EventManager.swift; sourceTree = "<group>"; };
		003A826920FDC19000855861 /* RxSwift.framework */ = {isa = PBXFileReference; explicitFileType = wrapper.framework; path = RxSwift.framework; sourceTree = BUILT_PRODUCTS_DIR; };
		003A826B20FDC46E00855861 /* RxCocoa.framework */ = {isa = PBXFileReference; explicitFileType = wrapper.framework; path = RxCocoa.framework; sourceTree = BUILT_PRODUCTS_DIR; };
		003A826F20FDC61F00855861 /* ViewModel.swift */ = {isa = PBXFileReference; lastKnownFileType = sourcecode.swift; path = ViewModel.swift; sourceTree = "<group>"; };
		003A82712100611C00855861 /* SetUpViewController.swift */ = {isa = PBXFileReference; lastKnownFileType = sourcecode.swift; path = SetUpViewController.swift; sourceTree = "<group>"; };
		003A827321006FCD00855861 /* EventViewCell.swift */ = {isa = PBXFileReference; lastKnownFileType = sourcecode.swift; path = EventViewCell.swift; sourceTree = "<group>"; };
		4F05D6EC97CB270881416ADF /* Pods_ToDoList.framework */ = {isa = PBXFileReference; explicitFileType = wrapper.framework; includeInIndex = 0; path = Pods_ToDoList.framework; sourceTree = BUILT_PRODUCTS_DIR; };
		6D895D2D826D5A1967D99951 /* Pods-ToDoList.release.xcconfig */ = {isa = PBXFileReference; includeInIndex = 1; lastKnownFileType = text.xcconfig; name = "Pods-ToDoList.release.xcconfig"; path = "Pods/Target Support Files/Pods-ToDoList/Pods-ToDoList.release.xcconfig"; sourceTree = "<group>"; };
		BB194B0AD428986CC9DCFBD7 /* Pods-ToDoListTests.debug.xcconfig */ = {isa = PBXFileReference; includeInIndex = 1; lastKnownFileType = text.xcconfig; name = "Pods-ToDoListTests.debug.xcconfig"; path = "Pods/Target Support Files/Pods-ToDoListTests/Pods-ToDoListTests.debug.xcconfig"; sourceTree = "<group>"; };
		BCCD63CA8EB24107E9284133 /* Pods-ToDoListTests.release.xcconfig */ = {isa = PBXFileReference; includeInIndex = 1; lastKnownFileType = text.xcconfig; name = "Pods-ToDoListTests.release.xcconfig"; path = "Pods/Target Support Files/Pods-ToDoListTests/Pods-ToDoListTests.release.xcconfig"; sourceTree = "<group>"; };
		DC998DCB874533D2C6CB749F /* Pods-ToDoList.debug.xcconfig */ = {isa = PBXFileReference; includeInIndex = 1; lastKnownFileType = text.xcconfig; name = "Pods-ToDoList.debug.xcconfig"; path = "Pods/Target Support Files/Pods-ToDoList/Pods-ToDoList.debug.xcconfig"; sourceTree = "<group>"; };
		E96DDCEC97F5F55F66E9B11F /* Pods_ToDoListTests.framework */ = {isa = PBXFileReference; explicitFileType = wrapper.framework; includeInIndex = 0; path = Pods_ToDoListTests.framework; sourceTree = BUILT_PRODUCTS_DIR; };
/* End PBXFileReference section */

/* Begin PBXFrameworksBuildPhase section */
		003A824120FDAA3C00855861 /* Frameworks */ = {
			isa = PBXFrameworksBuildPhase;
			buildActionMask = 2147483647;
			files = (
				3A67AFC1049AC3A5F3E75C9A /* Pods_ToDoList.framework in Frameworks */,
			);
			runOnlyForDeploymentPostprocessing = 0;
		};
		003A825520FDAA3D00855861 /* Frameworks */ = {
			isa = PBXFrameworksBuildPhase;
			buildActionMask = 2147483647;
			files = (
				7243DC6FB522BF672FD4AB6B /* Pods_ToDoListTests.framework in Frameworks */,
			);
			runOnlyForDeploymentPostprocessing = 0;
		};
/* End PBXFrameworksBuildPhase section */

/* Begin PBXGroup section */
		003A823B20FDAA3C00855861 = {
			isa = PBXGroup;
			children = (
				003A824620FDAA3C00855861 /* ToDoList */,
				003A825B20FDAA3D00855861 /* ToDoListTests */,
				003A824520FDAA3C00855861 /* Products */,
				54A67E12FBCF2BB887F514D6 /* Pods */,
				DE6F68A43C97D38C6980DBC1 /* Frameworks */,
			);
			sourceTree = "<group>";
		};
		003A824520FDAA3C00855861 /* Products */ = {
			isa = PBXGroup;
			children = (
				003A824420FDAA3C00855861 /* ToDoList.app */,
				003A825820FDAA3D00855861 /* ToDoListTests.xctest */,
			);
			name = Products;
			sourceTree = "<group>";
		};
		003A824620FDAA3C00855861 /* ToDoList */ = {
			isa = PBXGroup;
			children = (
				003A824720FDAA3C00855861 /* AppDelegate.swift */,
				003A824920FDAA3C00855861 /* ViewController.swift */,
				003A826720FDAAC100855861 /* EventManager.swift */,
				003A826F20FDC61F00855861 /* ViewModel.swift */,
				003A827321006FCD00855861 /* EventViewCell.swift */,
				003A824B20FDAA3C00855861 /* Main.storyboard */,
				003A82712100611C00855861 /* SetUpViewController.swift */,
				003A824E20FDAA3D00855861 /* Assets.xcassets */,
				003A825020FDAA3D00855861 /* LaunchScreen.storyboard */,
				003A825320FDAA3D00855861 /* Info.plist */,
			);
			path = ToDoList;
			sourceTree = "<group>";
		};
		003A825B20FDAA3D00855861 /* ToDoListTests */ = {
			isa = PBXGroup;
			children = (
				003A825E20FDAA3D00855861 /* Info.plist */,
				001ED5E4210AB79F00A8401F /* EventManagerTests.swift */,
			);
			path = ToDoListTests;
			sourceTree = "<group>";
		};
		54A67E12FBCF2BB887F514D6 /* Pods */ = {
			isa = PBXGroup;
			children = (
				DC998DCB874533D2C6CB749F /* Pods-ToDoList.debug.xcconfig */,
				6D895D2D826D5A1967D99951 /* Pods-ToDoList.release.xcconfig */,
				BB194B0AD428986CC9DCFBD7 /* Pods-ToDoListTests.debug.xcconfig */,
				BCCD63CA8EB24107E9284133 /* Pods-ToDoListTests.release.xcconfig */,
			);
			name = Pods;
			sourceTree = "<group>";
		};
		DE6F68A43C97D38C6980DBC1 /* Frameworks */ = {
			isa = PBXGroup;
			children = (
				003A826B20FDC46E00855861 /* RxCocoa.framework */,
				003A826920FDC19000855861 /* RxSwift.framework */,
				4F05D6EC97CB270881416ADF /* Pods_ToDoList.framework */,
				E96DDCEC97F5F55F66E9B11F /* Pods_ToDoListTests.framework */,
			);
			name = Frameworks;
			sourceTree = "<group>";
		};
/* End PBXGroup section */

/* Begin PBXNativeTarget section */
		003A824320FDAA3C00855861 /* ToDoList */ = {
			isa = PBXNativeTarget;
			buildConfigurationList = 003A826120FDAA3D00855861 /* Build configuration list for PBXNativeTarget "ToDoList" */;
			buildPhases = (
				E17DBBFCB43D897FAB2A4541 /* [CP] Check Pods Manifest.lock */,
				003A824020FDAA3C00855861 /* Sources */,
				003A824120FDAA3C00855861 /* Frameworks */,
				003A824220FDAA3C00855861 /* Resources */,
				ADB3E550438B2A810C67655D /* [CP] Embed Pods Frameworks */,
			);
			buildRules = (
			);
			dependencies = (
			);
			name = ToDoList;
			productName = ToDoList;
			productReference = 003A824420FDAA3C00855861 /* ToDoList.app */;
			productType = "com.apple.product-type.application";
		};
		003A825720FDAA3D00855861 /* ToDoListTests */ = {
			isa = PBXNativeTarget;
			buildConfigurationList = 003A826420FDAA3D00855861 /* Build configuration list for PBXNativeTarget "ToDoListTests" */;
			buildPhases = (
				9A024D2DF3F19C4830B8076E /* [CP] Check Pods Manifest.lock */,
				003A825420FDAA3D00855861 /* Sources */,
				003A825520FDAA3D00855861 /* Frameworks */,
				003A825620FDAA3D00855861 /* Resources */,
				6B8DF57940ADF29CF969440D /* [CP] Embed Pods Frameworks */,
			);
			buildRules = (
			);
			dependencies = (
				003A825A20FDAA3D00855861 /* PBXTargetDependency */,
			);
			name = ToDoListTests;
			productName = ToDoListTests;
			productReference = 003A825820FDAA3D00855861 /* ToDoListTests.xctest */;
			productType = "com.apple.product-type.bundle.unit-test";
		};
/* End PBXNativeTarget section */

/* Begin PBXProject section */
		003A823C20FDAA3C00855861 /* Project object */ = {
			isa = PBXProject;
			attributes = {
				LastSwiftUpdateCheck = 0940;
				LastUpgradeCheck = 0940;
				ORGANIZATIONNAME = "Shawn Wu";
				TargetAttributes = {
					003A824320FDAA3C00855861 = {
						CreatedOnToolsVersion = 9.4.1;
						SystemCapabilities = {
							com.apple.BackgroundModes = {
								enabled = 1;
							};
						};
					};
					003A825720FDAA3D00855861 = {
						CreatedOnToolsVersion = 9.4.1;
						TestTargetID = 003A824320FDAA3C00855861;
					};
				};
			};
			buildConfigurationList = 003A823F20FDAA3C00855861 /* Build configuration list for PBXProject "ToDoList" */;
			compatibilityVersion = "Xcode 9.3";
			developmentRegion = en;
			hasScannedForEncodings = 0;
			knownRegions = (
				en,
				Base,
			);
			mainGroup = 003A823B20FDAA3C00855861;
			productRefGroup = 003A824520FDAA3C00855861 /* Products */;
			projectDirPath = "";
			projectRoot = "";
			targets = (
				003A824320FDAA3C00855861 /* ToDoList */,
				003A825720FDAA3D00855861 /* ToDoListTests */,
			);
		};
/* End PBXProject section */

/* Begin PBXResourcesBuildPhase section */
		003A824220FDAA3C00855861 /* Resources */ = {
			isa = PBXResourcesBuildPhase;
			buildActionMask = 2147483647;
			files = (
				003A825220FDAA3D00855861 /* LaunchScreen.storyboard in Resources */,
				003A824F20FDAA3D00855861 /* Assets.xcassets in Resources */,
				003A824D20FDAA3C00855861 /* Main.storyboard in Resources */,
			);
			runOnlyForDeploymentPostprocessing = 0;
		};
		003A825620FDAA3D00855861 /* Resources */ = {
			isa = PBXResourcesBuildPhase;
			buildActionMask = 2147483647;
			files = (
			);
			runOnlyForDeploymentPostprocessing = 0;
		};
/* End PBXResourcesBuildPhase section */

/* Begin PBXShellScriptBuildPhase section */
		6B8DF57940ADF29CF969440D /* [CP] Embed Pods Frameworks */ = {
			isa = PBXShellScriptBuildPhase;
			buildActionMask = 2147483647;
			files = (
			);
			inputPaths = (
				"${SRCROOT}/Pods/Target Support Files/Pods-ToDoListTests/Pods-ToDoListTests-frameworks.sh",
				"${BUILT_PRODUCTS_DIR}/RxSwift-iOS11.4/RxSwift.framework",
				"${BUILT_PRODUCTS_DIR}/Nimble/Nimble.framework",
				"${BUILT_PRODUCTS_DIR}/Quick/Quick.framework",
				"${BUILT_PRODUCTS_DIR}/RxBlocking/RxBlocking.framework",
				"${BUILT_PRODUCTS_DIR}/RxTest/RxTest.framework",
			);
			name = "[CP] Embed Pods Frameworks";
			outputPaths = (
				"${TARGET_BUILD_DIR}/${FRAMEWORKS_FOLDER_PATH}/RxSwift.framework",
				"${TARGET_BUILD_DIR}/${FRAMEWORKS_FOLDER_PATH}/Nimble.framework",
				"${TARGET_BUILD_DIR}/${FRAMEWORKS_FOLDER_PATH}/Quick.framework",
				"${TARGET_BUILD_DIR}/${FRAMEWORKS_FOLDER_PATH}/RxBlocking.framework",
				"${TARGET_BUILD_DIR}/${FRAMEWORKS_FOLDER_PATH}/RxTest.framework",
			);
			runOnlyForDeploymentPostprocessing = 0;
			shellPath = /bin/sh;
			shellScript = "\"${SRCROOT}/Pods/Target Support Files/Pods-ToDoListTests/Pods-ToDoListTests-frameworks.sh\"\n";
			showEnvVarsInLog = 0;
		};
		9A024D2DF3F19C4830B8076E /* [CP] Check Pods Manifest.lock */ = {
			isa = PBXShellScriptBuildPhase;
			buildActionMask = 2147483647;
			files = (
			);
			inputPaths = (
				"${PODS_PODFILE_DIR_PATH}/Podfile.lock",
				"${PODS_ROOT}/Manifest.lock",
			);
			name = "[CP] Check Pods Manifest.lock";
			outputPaths = (
				"$(DERIVED_FILE_DIR)/Pods-ToDoListTests-checkManifestLockResult.txt",
			);
			runOnlyForDeploymentPostprocessing = 0;
			shellPath = /bin/sh;
			shellScript = "diff \"${PODS_PODFILE_DIR_PATH}/Podfile.lock\" \"${PODS_ROOT}/Manifest.lock\" > /dev/null\nif [ $? != 0 ] ; then\n    # print error to STDERR\n    echo \"error: The sandbox is not in sync with the Podfile.lock. Run 'pod install' or update your CocoaPods installation.\" >&2\n    exit 1\nfi\n# This output is used by Xcode 'outputs' to avoid re-running this script phase.\necho \"SUCCESS\" > \"${SCRIPT_OUTPUT_FILE_0}\"\n";
			showEnvVarsInLog = 0;
		};
		ADB3E550438B2A810C67655D /* [CP] Embed Pods Frameworks */ = {
			isa = PBXShellScriptBuildPhase;
			buildActionMask = 2147483647;
			files = (
			);
			inputPaths = (
				"${SRCROOT}/Pods/Target Support Files/Pods-ToDoList/Pods-ToDoList-frameworks.sh",
				"${BUILT_PRODUCTS_DIR}/RxCocoa/RxCocoa.framework",
				"${BUILT_PRODUCTS_DIR}/RxSwift-iOS11.0/RxSwift.framework",
			);
			name = "[CP] Embed Pods Frameworks";
			outputPaths = (
				"${TARGET_BUILD_DIR}/${FRAMEWORKS_FOLDER_PATH}/RxCocoa.framework",
				"${TARGET_BUILD_DIR}/${FRAMEWORKS_FOLDER_PATH}/RxSwift.framework",
			);
			runOnlyForDeploymentPostprocessing = 0;
			shellPath = /bin/sh;
			shellScript = "\"${SRCROOT}/Pods/Target Support Files/Pods-ToDoList/Pods-ToDoList-frameworks.sh\"\n";
			showEnvVarsInLog = 0;
		};
		E17DBBFCB43D897FAB2A4541 /* [CP] Check Pods Manifest.lock */ = {
			isa = PBXShellScriptBuildPhase;
			buildActionMask = 2147483647;
			files = (
			);
			inputPaths = (
				"${PODS_PODFILE_DIR_PATH}/Podfile.lock",
				"${PODS_ROOT}/Manifest.lock",
			);
			name = "[CP] Check Pods Manifest.lock";
			outputPaths = (
				"$(DERIVED_FILE_DIR)/Pods-ToDoList-checkManifestLockResult.txt",
			);
			runOnlyForDeploymentPostprocessing = 0;
			shellPath = /bin/sh;
			shellScript = "diff \"${PODS_PODFILE_DIR_PATH}/Podfile.lock\" \"${PODS_ROOT}/Manifest.lock\" > /dev/null\nif [ $? != 0 ] ; then\n    # print error to STDERR\n    echo \"error: The sandbox is not in sync with the Podfile.lock. Run 'pod install' or update your CocoaPods installation.\" >&2\n    exit 1\nfi\n# This output is used by Xcode 'outputs' to avoid re-running this script phase.\necho \"SUCCESS\" > \"${SCRIPT_OUTPUT_FILE_0}\"\n";
			showEnvVarsInLog = 0;
		};
/* End PBXShellScriptBuildPhase section */

/* Begin PBXSourcesBuildPhase section */
		003A824020FDAA3C00855861 /* Sources */ = {
			isa = PBXSourcesBuildPhase;
			buildActionMask = 2147483647;
			files = (
				003A824A20FDAA3C00855861 /* ViewController.swift in Sources */,
				003A826820FDAAC100855861 /* EventManager.swift in Sources */,
				003A827020FDC61F00855861 /* ViewModel.swift in Sources */,
				003A824820FDAA3C00855861 /* AppDelegate.swift in Sources */,
				003A82722100611C00855861 /* SetUpViewController.swift in Sources */,
				003A827421006FCD00855861 /* EventViewCell.swift in Sources */,
			);
			runOnlyForDeploymentPostprocessing = 0;
		};
		003A825420FDAA3D00855861 /* Sources */ = {
			isa = PBXSourcesBuildPhase;
			buildActionMask = 2147483647;
			files = (
				001ED5E5210AB79F00A8401F /* EventManagerTests.swift in Sources */,
			);
			runOnlyForDeploymentPostprocessing = 0;
		};
/* End PBXSourcesBuildPhase section */

/* Begin PBXTargetDependency section */
		003A825A20FDAA3D00855861 /* PBXTargetDependency */ = {
			isa = PBXTargetDependency;
			target = 003A824320FDAA3C00855861 /* ToDoList */;
			targetProxy = 003A825920FDAA3D00855861 /* PBXContainerItemProxy */;
		};
/* End PBXTargetDependency section */

/* Begin PBXVariantGroup section */
		003A824B20FDAA3C00855861 /* Main.storyboard */ = {
			isa = PBXVariantGroup;
			children = (
				003A824C20FDAA3C00855861 /* Base */,
			);
			name = Main.storyboard;
			sourceTree = "<group>";
		};
		003A825020FDAA3D00855861 /* LaunchScreen.storyboard */ = {
			isa = PBXVariantGroup;
			children = (
				003A825120FDAA3D00855861 /* Base */,
			);
			name = LaunchScreen.storyboard;
			sourceTree = "<group>";
		};
/* End PBXVariantGroup section */

/* Begin XCBuildConfiguration section */
		003A825F20FDAA3D00855861 /* Debug */ = {
			isa = XCBuildConfiguration;
			buildSettings = {
				ALWAYS_SEARCH_USER_PATHS = NO;
				CLANG_ANALYZER_NONNULL = YES;
				CLANG_ANALYZER_NUMBER_OBJECT_CONVERSION = YES_AGGRESSIVE;
				CLANG_CXX_LANGUAGE_STANDARD = "gnu++14";
				CLANG_CXX_LIBRARY = "libc++";
				CLANG_ENABLE_MODULES = YES;
				CLANG_ENABLE_OBJC_ARC = YES;
				CLANG_ENABLE_OBJC_WEAK = YES;
				CLANG_WARN_BLOCK_CAPTURE_AUTORELEASING = YES;
				CLANG_WARN_BOOL_CONVERSION = YES;
				CLANG_WARN_COMMA = YES;
				CLANG_WARN_CONSTANT_CONVERSION = YES;
				CLANG_WARN_DEPRECATED_OBJC_IMPLEMENTATIONS = YES;
				CLANG_WARN_DIRECT_OBJC_ISA_USAGE = YES_ERROR;
				CLANG_WARN_DOCUMENTATION_COMMENTS = YES;
				CLANG_WARN_EMPTY_BODY = YES;
				CLANG_WARN_ENUM_CONVERSION = YES;
				CLANG_WARN_INFINITE_RECURSION = YES;
				CLANG_WARN_INT_CONVERSION = YES;
				CLANG_WARN_NON_LITERAL_NULL_CONVERSION = YES;
				CLANG_WARN_OBJC_IMPLICIT_RETAIN_SELF = YES;
				CLANG_WARN_OBJC_LITERAL_CONVERSION = YES;
				CLANG_WARN_OBJC_ROOT_CLASS = YES_ERROR;
				CLANG_WARN_RANGE_LOOP_ANALYSIS = YES;
				CLANG_WARN_STRICT_PROTOTYPES = YES;
				CLANG_WARN_SUSPICIOUS_MOVE = YES;
				CLANG_WARN_UNGUARDED_AVAILABILITY = YES_AGGRESSIVE;
				CLANG_WARN_UNREACHABLE_CODE = YES;
				CLANG_WARN__DUPLICATE_METHOD_MATCH = YES;
				CODE_SIGN_IDENTITY = "iPhone Developer";
				COPY_PHASE_STRIP = NO;
				DEBUG_INFORMATION_FORMAT = dwarf;
				ENABLE_STRICT_OBJC_MSGSEND = YES;
				ENABLE_TESTABILITY = YES;
				GCC_C_LANGUAGE_STANDARD = gnu11;
				GCC_DYNAMIC_NO_PIC = NO;
				GCC_NO_COMMON_BLOCKS = YES;
				GCC_OPTIMIZATION_LEVEL = 0;
				GCC_PREPROCESSOR_DEFINITIONS = (
					"DEBUG=1",
					"$(inherited)",
				);
				GCC_WARN_64_TO_32_BIT_CONVERSION = YES;
				GCC_WARN_ABOUT_RETURN_TYPE = YES_ERROR;
				GCC_WARN_UNDECLARED_SELECTOR = YES;
				GCC_WARN_UNINITIALIZED_AUTOS = YES_AGGRESSIVE;
				GCC_WARN_UNUSED_FUNCTION = YES;
				GCC_WARN_UNUSED_VARIABLE = YES;
				IPHONEOS_DEPLOYMENT_TARGET = 11.4;
				MTL_ENABLE_DEBUG_INFO = YES;
				ONLY_ACTIVE_ARCH = YES;
				SDKROOT = iphoneos;
				SWIFT_ACTIVE_COMPILATION_CONDITIONS = DEBUG;
				SWIFT_OPTIMIZATION_LEVEL = "-Onone";
			};
			name = Debug;
		};
		003A826020FDAA3D00855861 /* Release */ = {
			isa = XCBuildConfiguration;
			buildSettings = {
				ALWAYS_SEARCH_USER_PATHS = NO;
				CLANG_ANALYZER_NONNULL = YES;
				CLANG_ANALYZER_NUMBER_OBJECT_CONVERSION = YES_AGGRESSIVE;
				CLANG_CXX_LANGUAGE_STANDARD = "gnu++14";
				CLANG_CXX_LIBRARY = "libc++";
				CLANG_ENABLE_MODULES = YES;
				CLANG_ENABLE_OBJC_ARC = YES;
				CLANG_ENABLE_OBJC_WEAK = YES;
				CLANG_WARN_BLOCK_CAPTURE_AUTORELEASING = YES;
				CLANG_WARN_BOOL_CONVERSION = YES;
				CLANG_WARN_COMMA = YES;
				CLANG_WARN_CONSTANT_CONVERSION = YES;
				CLANG_WARN_DEPRECATED_OBJC_IMPLEMENTATIONS = YES;
				CLANG_WARN_DIRECT_OBJC_ISA_USAGE = YES_ERROR;
				CLANG_WARN_DOCUMENTATION_COMMENTS = YES;
				CLANG_WARN_EMPTY_BODY = YES;
				CLANG_WARN_ENUM_CONVERSION = YES;
				CLANG_WARN_INFINITE_RECURSION = YES;
				CLANG_WARN_INT_CONVERSION = YES;
				CLANG_WARN_NON_LITERAL_NULL_CONVERSION = YES;
				CLANG_WARN_OBJC_IMPLICIT_RETAIN_SELF = YES;
				CLANG_WARN_OBJC_LITERAL_CONVERSION = YES;
				CLANG_WARN_OBJC_ROOT_CLASS = YES_ERROR;
				CLANG_WARN_RANGE_LOOP_ANALYSIS = YES;
				CLANG_WARN_STRICT_PROTOTYPES = YES;
				CLANG_WARN_SUSPICIOUS_MOVE = YES;
				CLANG_WARN_UNGUARDED_AVAILABILITY = YES_AGGRESSIVE;
				CLANG_WARN_UNREACHABLE_CODE = YES;
				CLANG_WARN__DUPLICATE_METHOD_MATCH = YES;
				CODE_SIGN_IDENTITY = "iPhone Developer";
				COPY_PHASE_STRIP = NO;
				DEBUG_INFORMATION_FORMAT = "dwarf-with-dsym";
				ENABLE_NS_ASSERTIONS = NO;
				ENABLE_STRICT_OBJC_MSGSEND = YES;
				GCC_C_LANGUAGE_STANDARD = gnu11;
				GCC_NO_COMMON_BLOCKS = YES;
				GCC_WARN_64_TO_32_BIT_CONVERSION = YES;
				GCC_WARN_ABOUT_RETURN_TYPE = YES_ERROR;
				GCC_WARN_UNDECLARED_SELECTOR = YES;
				GCC_WARN_UNINITIALIZED_AUTOS = YES_AGGRESSIVE;
				GCC_WARN_UNUSED_FUNCTION = YES;
				GCC_WARN_UNUSED_VARIABLE = YES;
				IPHONEOS_DEPLOYMENT_TARGET = 11.4;
				MTL_ENABLE_DEBUG_INFO = NO;
				SDKROOT = iphoneos;
				SWIFT_COMPILATION_MODE = wholemodule;
				SWIFT_OPTIMIZATION_LEVEL = "-O";
				VALIDATE_PRODUCT = YES;
			};
			name = Release;
		};
		003A826220FDAA3D00855861 /* Debug */ = {
			isa = XCBuildConfiguration;
			baseConfigurationReference = DC998DCB874533D2C6CB749F /* Pods-ToDoList.debug.xcconfig */;
			buildSettings = {
				ASSETCATALOG_COMPILER_APPICON_NAME = AppIcon;
				CODE_SIGN_STYLE = Automatic;
				DEVELOPMENT_TEAM = T3T6BCJR39;
				INFOPLIST_FILE = ToDoList/Info.plist;
				IPHONEOS_DEPLOYMENT_TARGET = 11.0;
				LD_RUNPATH_SEARCH_PATHS = (
					"$(inherited)",
					"@executable_path/Frameworks",
				);
				PRODUCT_BUNDLE_IDENTIFIER = xwu.ToDoList;
				PRODUCT_NAME = "$(TARGET_NAME)";
				SWIFT_VERSION = 4.0;
				TARGETED_DEVICE_FAMILY = "1,2";
			};
			name = Debug;
		};
		003A826320FDAA3D00855861 /* Release */ = {
			isa = XCBuildConfiguration;
			baseConfigurationReference = 6D895D2D826D5A1967D99951 /* Pods-ToDoList.release.xcconfig */;
			buildSettings = {
				ASSETCATALOG_COMPILER_APPICON_NAME = AppIcon;
				CODE_SIGN_STYLE = Automatic;
				DEVELOPMENT_TEAM = T3T6BCJR39;
				INFOPLIST_FILE = ToDoList/Info.plist;
				IPHONEOS_DEPLOYMENT_TARGET = 11.0;
				LD_RUNPATH_SEARCH_PATHS = (
					"$(inherited)",
					"@executable_path/Frameworks",
				);
				PRODUCT_BUNDLE_IDENTIFIER = xwu.ToDoList;
				PRODUCT_NAME = "$(TARGET_NAME)";
				SWIFT_VERSION = 4.0;
				TARGETED_DEVICE_FAMILY = "1,2";
			};
			name = Release;
		};
		003A826520FDAA3D00855861 /* Debug */ = {
			isa = XCBuildConfiguration;
			baseConfigurationReference = BB194B0AD428986CC9DCFBD7 /* Pods-ToDoListTests.debug.xcconfig */;
			buildSettings = {
				ALWAYS_EMBED_SWIFT_STANDARD_LIBRARIES = YES;
				BUNDLE_LOADER = "$(TEST_HOST)";
				CODE_SIGN_STYLE = Automatic;
				DEVELOPMENT_TEAM = T3T6BCJR39;
				INFOPLIST_FILE = ToDoListTests/Info.plist;
				LD_RUNPATH_SEARCH_PATHS = (
					"$(inherited)",
					"@executable_path/Frameworks",
					"@loader_path/Frameworks",
				);
				PRODUCT_BUNDLE_IDENTIFIER = xwu.ToDoListTests;
				PRODUCT_NAME = "$(TARGET_NAME)";
				SWIFT_VERSION = 4.0;
				TARGETED_DEVICE_FAMILY = "1,2";
				TEST_HOST = "$(BUILT_PRODUCTS_DIR)/ToDoList.app/ToDoList";
			};
			name = Debug;
		};
		003A826620FDAA3D00855861 /* Release */ = {
			isa = XCBuildConfiguration;
			baseConfigurationReference = BCCD63CA8EB24107E9284133 /* Pods-ToDoListTests.release.xcconfig */;
			buildSettings = {
				ALWAYS_EMBED_SWIFT_STANDARD_LIBRARIES = YES;
				BUNDLE_LOADER = "$(TEST_HOST)";
				CODE_SIGN_STYLE = Automatic;
				DEVELOPMENT_TEAM = T3T6BCJR39;
				INFOPLIST_FILE = ToDoListTests/Info.plist;
				LD_RUNPATH_SEARCH_PATHS = (
					"$(inherited)",
					"@executable_path/Frameworks",
					"@loader_path/Frameworks",
				);
				PRODUCT_BUNDLE_IDENTIFIER = xwu.ToDoListTests;
				PRODUCT_NAME = "$(TARGET_NAME)";
				SWIFT_VERSION = 4.0;
				TARGETED_DEVICE_FAMILY = "1,2";
				TEST_HOST = "$(BUILT_PRODUCTS_DIR)/ToDoList.app/ToDoList";
			};
			name = Release;
		};
/* End XCBuildConfiguration section */

/* Begin XCConfigurationList section */
		003A823F20FDAA3C00855861 /* Build configuration list for PBXProject "ToDoList" */ = {
			isa = XCConfigurationList;
			buildConfigurations = (
				003A825F20FDAA3D00855861 /* Debug */,
				003A826020FDAA3D00855861 /* Release */,
			);
			defaultConfigurationIsVisible = 0;
			defaultConfigurationName = Release;
		};
		003A826120FDAA3D00855861 /* Build configuration list for PBXNativeTarget "ToDoList" */ = {
			isa = XCConfigurationList;
			buildConfigurations = (
				003A826220FDAA3D00855861 /* Debug */,
				003A826320FDAA3D00855861 /* Release */,
			);
			defaultConfigurationIsVisible = 0;
			defaultConfigurationName = Release;
		};
		003A826420FDAA3D00855861 /* Build configuration list for PBXNativeTarget "ToDoListTests" */ = {
			isa = XCConfigurationList;
			buildConfigurations = (
				003A826520FDAA3D00855861 /* Debug */,
				003A826620FDAA3D00855861 /* Release */,
			);
			defaultConfigurationIsVisible = 0;
			defaultConfigurationName = Release;
		};
/* End XCConfigurationList section */
	};
	rootObject = 003A823C20FDAA3C00855861 /* Project object */;
}
